
Microsoft Visual Studio Solution File, Format Version 12.00
# Visual Studio Version 16
VisualStudioVersion = 16.0.29411.108
MinimumVisualStudioVersion = 10.0.40219.1
Project("{FAE04EC0-301F-11D3-BF4B-00C04F79EFBC}") = "file_converter", "file_converter\file_converter.csproj", "{9CFAF89D-1479-43EE-B674-D5FD850865F3}"
EndProject
Global
	GlobalSection(SolutionConfigurationPlatforms) = preSolution
		Debug|Any CPU = Debug|Any CPU
		Release|Any CPU = Release|Any CPU
	EndGlobalSection
	GlobalSection(ProjectConfigurationPlatforms) = postSolution
		{9CFAF89D-1479-43EE-B674-D5FD850865F3}.Debug|Any CPU.ActiveCfg = Debug|Any CPU
		{9CFAF89D-1479-43EE-B674-D5FD850865F3}.Debug|Any CPU.Build.0 = Debug|Any CPU
		{9CFAF89D-1479-43EE-B674-D5FD850865F3}.Release|Any CPU.ActiveCfg = Release|Any CPU
		{9CFAF89D-1479-43EE-B674-D5FD850865F3}.Release|Any CPU.Build.0 = Release|Any CPU
	EndGlobalSection
	GlobalSection(SolutionProperties) = preSolution
		HideSolutionNode = FALSE
	EndGlobalSection
	GlobalSection(ExtensibilityGlobals) = postSolution
		SolutionGuid = {84188C71-BF15-4A93-976B-9287389509F7}
	EndGlobalSection
EndGlobal
